
Microsoft Visual Studio Solution File, Format Version 12.00
# Visual Studio Version 17
VisualStudioVersion = 17.14.36401.2
MinimumVisualStudioVersion = 10.0.40219.1
Project("{FAE04EC0-301F-11D3-BF4B-00C04F79EFBC}") = "SalesWebMVC", "SalesWebMVC\SalesWebMVC.csproj", "{51B35679-11EB-456D-9D36-5684168DEDBD}"
EndProject
Global
	GlobalSection(SolutionConfigurationPlatforms) = preSolution
		Debug|Any CPU = Debug|Any CPU
		Release|Any CPU = Release|Any CPU
	EndGlobalSection
	GlobalSection(ProjectConfigurationPlatforms) = postSolution
		{51B35679-11EB-456D-9D36-5684168DEDBD}.Debug|Any CPU.ActiveCfg = Debug|Any CPU
		{51B35679-11EB-456D-9D36-5684168DEDBD}.Debug|Any CPU.Build.0 = Debug|Any CPU
		{51B35679-11EB-456D-9D36-5684168DEDBD}.Release|Any CPU.ActiveCfg = Release|Any CPU
		{51B35679-11EB-456D-9D36-5684168DEDBD}.Release|Any CPU.Build.0 = Release|Any CPU
	EndGlobalSection
	GlobalSection(SolutionProperties) = preSolution
		HideSolutionNode = FALSE
	EndGlobalSection
	GlobalSection(ExtensibilityGlobals) = postSolution
		SolutionGuid = {B43B79D4-82A2-442F-BBB7-051330D6C753}
	EndGlobalSection
EndGlobal
